
Microsoft Visual Studio Solution File, Format Version 12.00
# Visual Studio Version 17
VisualStudioVersion = 17.7.34024.191
MinimumVisualStudioVersion = 10.0.40219.1
Project("{9A19103F-16F7-4668-BE54-9A1E7A4F7556}") = "ShipmentAPI", "ShipmentAPI\ShipmentAPI.csproj", "{AAECE438-5B38-493C-BF50-5A0537FC94F0}"
EndProject
Project("{9A19103F-16F7-4668-BE54-9A1E7A4F7556}") = "Shipment.ConsoleApp", "Shipment.ConsoleApp\Shipment.ConsoleApp.csproj", "{492CDAA5-3326-403F-929B-F0C036A5232E}"
EndProject
Project("{FAE04EC0-301F-11D3-BF4B-00C04F79EFBC}") = "ShipmentModel", "ShipmentModel\ShipmentModel.csproj", "{1552BD76-7B46-40F0-BE42-8DD1830CAB07}"
EndProject
Global
	GlobalSection(SolutionConfigurationPlatforms) = preSolution
		Debug|Any CPU = Debug|Any CPU
		Release|Any CPU = Release|Any CPU
	EndGlobalSection
	GlobalSection(ProjectConfigurationPlatforms) = postSolution
		{AAECE438-5B38-493C-BF50-5A0537FC94F0}.Debug|Any CPU.ActiveCfg = Debug|Any CPU
		{AAECE438-5B38-493C-BF50-5A0537FC94F0}.Debug|Any CPU.Build.0 = Debug|Any CPU
		{AAECE438-5B38-493C-BF50-5A0537FC94F0}.Release|Any CPU.ActiveCfg = Release|Any CPU
		{AAECE438-5B38-493C-BF50-5A0537FC94F0}.Release|Any CPU.Build.0 = Release|Any CPU
		{492CDAA5-3326-403F-929B-F0C036A5232E}.Debug|Any CPU.ActiveCfg = Debug|Any CPU
		{492CDAA5-3326-403F-929B-F0C036A5232E}.Debug|Any CPU.Build.0 = Debug|Any CPU
		{492CDAA5-3326-403F-929B-F0C036A5232E}.Release|Any CPU.ActiveCfg = Release|Any CPU
		{492CDAA5-3326-403F-929B-F0C036A5232E}.Release|Any CPU.Build.0 = Release|Any CPU
		{1552BD76-7B46-40F0-BE42-8DD1830CAB07}.Debug|Any CPU.ActiveCfg = Debug|Any CPU
		{1552BD76-7B46-40F0-BE42-8DD1830CAB07}.Debug|Any CPU.Build.0 = Debug|Any CPU
		{1552BD76-7B46-40F0-BE42-8DD1830CAB07}.Release|Any CPU.ActiveCfg = Release|Any CPU
		{1552BD76-7B46-40F0-BE42-8DD1830CAB07}.Release|Any CPU.Build.0 = Release|Any CPU
	EndGlobalSection
	GlobalSection(SolutionProperties) = preSolution
		HideSolutionNode = FALSE
	EndGlobalSection
	GlobalSection(ExtensibilityGlobals) = postSolution
		SolutionGuid = {EA5A0EF8-D08D-4507-AEC1-9B0A89B08E38}
	EndGlobalSection
EndGlobal
